
Microsoft Visual Studio Solution File, Format Version 12.00
# Visual Studio Version 16
VisualStudioVersion = 16.0.32901.82
MinimumVisualStudioVersion = 10.0.40219.1
Project("{FAE04EC0-301F-11D3-BF4B-00C04F79EFBC}") = "GetIPAddress", "GetIPAddress\GetIPAddress.csproj", "{9DBC3CF7-5B74-47A4-B223-3244937A0AF9}"
EndProject
Global
	GlobalSection(SolutionConfigurationPlatforms) = preSolution
		Debug|Any CPU = Debug|Any CPU
		Release|Any CPU = Release|Any CPU
	EndGlobalSection
	GlobalSection(ProjectConfigurationPlatforms) = postSolution
		{9DBC3CF7-5B74-47A4-B223-3244937A0AF9}.Debug|Any CPU.ActiveCfg = Debug|Any CPU
		{9DBC3CF7-5B74-47A4-B223-3244937A0AF9}.Debug|Any CPU.Build.0 = Debug|Any CPU
		{9DBC3CF7-5B74-47A4-B223-3244937A0AF9}.Release|Any CPU.ActiveCfg = Release|Any CPU
		{9DBC3CF7-5B74-47A4-B223-3244937A0AF9}.Release|Any CPU.Build.0 = Release|Any CPU
	EndGlobalSection
	GlobalSection(SolutionProperties) = preSolution
		HideSolutionNode = FALSE
	EndGlobalSection
	GlobalSection(ExtensibilityGlobals) = postSolution
		SolutionGuid = {8E89199F-3DF0-4155-B2A2-0365D0FFCD59}
	EndGlobalSection
EndGlobal
